{
  "name": "ToolPageApp",
  "version": "1.0.0",
  "lockfileVersion": 2,
  "requires": true,
  "packages": {
    "": {
      "name": "ToolPageApp",
      "version": "1.0.0",
      "dependencies": {
        "@openui5/sap.m": "^1",
        "@openui5/sap.tnt": "^1",
        "@openui5/sap.ui.core": "^1",
        "@openui5/sap.ui.layout": "^1",
        "@openui5/sap.uxap": "^1",
        "@openui5/themelib_sap_fiori_3": "^1"
      }
    },
    "node_modules/@openui5/sap.f": {
      "version": "1.102.0",
      "resolved": "https://registry.npmjs.org/@openui5/sap.f/-/sap.f-1.102.0.tgz",
      "integrity": "sha512-iE4x8ijJy2U+uhkcvvmzdmC7xtw6tbUqCV2kfS7la4U8cVlwyppUUumjHFhx7njWuQggpqf33x+0V2ZKqTzjEw==",
      "dependencies": {
        "@openui5/sap.m": "1.102.0",
        "@openui5/sap.ui.core": "1.102.0",
        "@openui5/sap.ui.layout": "1.102.0"
      }
    },
    "node_modules/@openui5/sap.m": {
      "version": "1.102.0",
      "resolved": "https://registry.npmjs.org/@openui5/sap.m/-/sap.m-1.102.0.tgz",
      "integrity": "sha512-fjOXkAeWzH9c/6MtmQODc+JfDuL8ypqVikpvSGLUmAtwm3UGZVXx0Ntv80yPcXInVhjiTDRuuS4I4lu9HVFZ0A==",
      "dependencies": {
        "@openui5/sap.ui.core": "1.102.0",
        "@openui5/sap.ui.layout": "1.102.0",
        "@openui5/sap.ui.unified": "1.102.0"
      }
    },
    "node_modules/@openui5/sap.tnt": {
      "version": "1.102.0",
      "resolved": "https://registry.npmjs.org/@openui5/sap.tnt/-/sap.tnt-1.102.0.tgz",
      "integrity": "sha512-N3049vopgHQyN2+riYTZZON1H4Htng7xjHhfADbCy/pJMUC2ORbs3Z0KDbSp3vbp0/qJRKcSy3jxlNfiHTn9og==",
      "dependencies": {
        "@openui5/sap.m": "1.102.0",
        "@openui5/sap.ui.core": "1.102.0"
      }
    },
    "node_modules/@openui5/sap.ui.core": {
      "version": "1.102.0",
      "resolved": "https://registry.npmjs.org/@openui5/sap.ui.core/-/sap.ui.core-1.102.0.tgz",
      "integrity": "sha512-YV2QxCvorob37T8xxsz1ZESC0plSyDek/8aF9VGonmWxkdr08wwvNMyq3hd926KkiRfuW8grisav87+1i+0xWw=="
    },
    "node_modules/@openui5/sap.ui.layout": {
      "version": "1.102.0",
      "resolved": "https://registry.npmjs.org/@openui5/sap.ui.layout/-/sap.ui.layout-1.102.0.tgz",
      "integrity": "sha512-v+UboPINfc71BpuSZnkb9DRKT0D+woqqw89tPw42+D3k8QNaJHdD39dsfloiMumpPH3jqkgWc5OtWljok7CB3w==",
      "dependencies": {
        "@openui5/sap.ui.core": "1.102.0"
      }
    },
    "node_modules/@openui5/sap.ui.unified": {
      "version": "1.102.0",
      "resolved": "https://registry.npmjs.org/@openui5/sap.ui.unified/-/sap.ui.unified-1.102.0.tgz",
      "integrity": "sha512-mslDbebfMwDpgTufwrK9vv+omkViqRcLyz9waLBVdNunnpzg3bjjFrDGmcuPABK6h2hGICZYuYApGpN7Hvsg0g==",
      "dependencies": {
        "@openui5/sap.ui.core": "1.102.0"
      }
    },
    "node_modules/@openui5/sap.uxap": {
      "version": "1.102.0",
      "resolved": "https://registry.npmjs.org/@openui5/sap.uxap/-/sap.uxap-1.102.0.tgz",
      "integrity": "sha512-iBkgHFRbMh6FdCy9JO0rs9bZq9WEYOBCbbsJyxOekVM45Chqanavkz9/KXOdfOvKNdKFn/D9aPyvHS/IQGIMzw==",
      "dependencies": {
        "@openui5/sap.f": "1.102.0",
        "@openui5/sap.m": "1.102.0",
        "@openui5/sap.ui.core": "1.102.0",
        "@openui5/sap.ui.layout": "1.102.0"
      }
    },
    "node_modules/@openui5/themelib_sap_fiori_3": {
      "version": "1.102.0",
      "resolved": "https://registry.npmjs.org/@openui5/themelib_sap_fiori_3/-/themelib_sap_fiori_3-1.102.0.tgz",
      "integrity": "sha512-ED9lp/dkIqYaO8HPgKD0yaJ+Rc3Dfrg76D7D9heEcDidpn6giPFc8hr/MelSCrKOUHBYDQ1MOcMCY0Uzh1utYg=="
    }
  },
  "dependencies": {
    "@openui5/sap.f": {
      "version": "1.102.0",
      "resolved": "https://registry.npmjs.org/@openui5/sap.f/-/sap.f-1.102.0.tgz",
      "integrity": "sha512-iE4x8ijJy2U+uhkcvvmzdmC7xtw6tbUqCV2kfS7la4U8cVlwyppUUumjHFhx7njWuQggpqf33x+0V2ZKqTzjEw==",
      "requires": {
        "@openui5/sap.m": "1.102.0",
        "@openui5/sap.ui.core": "1.102.0",
        "@openui5/sap.ui.layout": "1.102.0"
      }
    },
    "@openui5/sap.m": {
      "version": "1.102.0",
      "resolved": "https://registry.npmjs.org/@openui5/sap.m/-/sap.m-1.102.0.tgz",
      "integrity": "sha512-fjOXkAeWzH9c/6MtmQODc+JfDuL8ypqVikpvSGLUmAtwm3UGZVXx0Ntv80yPcXInVhjiTDRuuS4I4lu9HVFZ0A==",
      "requires": {
        "@openui5/sap.ui.core": "1.102.0",
        "@openui5/sap.ui.layout": "1.102.0",
        "@openui5/sap.ui.unified": "1.102.0"
      }
    },
    "@openui5/sap.tnt": {
      "version": "1.102.0",
      "resolved": "https://registry.npmjs.org/@openui5/sap.tnt/-/sap.tnt-1.102.0.tgz",
      "integrity": "sha512-N3049vopgHQyN2+riYTZZON1H4Htng7xjHhfADbCy/pJMUC2ORbs3Z0KDbSp3vbp0/qJRKcSy3jxlNfiHTn9og==",
      "requires": {
        "@openui5/sap.m": "1.102.0",
        "@openui5/sap.ui.core": "1.102.0"
      }
    },
    "@openui5/sap.ui.core": {
      "version": "1.102.0",
      "resolved": "https://registry.npmjs.org/@openui5/sap.ui.core/-/sap.ui.core-1.102.0.tgz",
      "integrity": "sha512-YV2QxCvorob37T8xxsz1ZESC0plSyDek/8aF9VGonmWxkdr08wwvNMyq3hd926KkiRfuW8grisav87+1i+0xWw=="
    },
    "@openui5/sap.ui.layout": {
      "version": "1.102.0",
      "resolved": "https://registry.npmjs.org/@openui5/sap.ui.layout/-/sap.ui.layout-1.102.0.tgz",
      "integrity": "sha512-v+UboPINfc71BpuSZnkb9DRKT0D+woqqw89tPw42+D3k8QNaJHdD39dsfloiMumpPH3jqkgWc5OtWljok7CB3w==",
      "requires": {
        "@openui5/sap.ui.core": "1.102.0"
      }
    },
    "@openui5/sap.ui.unified": {
      "version": "1.102.0",
      "resolved": "https://registry.npmjs.org/@openui5/sap.ui.unified/-/sap.ui.unified-1.102.0.tgz",
      "integrity": "sha512-mslDbebfMwDpgTufwrK9vv+omkViqRcLyz9waLBVdNunnpzg3bjjFrDGmcuPABK6h2hGICZYuYApGpN7Hvsg0g==",
      "requires": {
        "@openui5/sap.ui.core": "1.102.0"
      }
    },
    "@openui5/sap.uxap": {
      "version": "1.102.0",
      "resolved": "https://registry.npmjs.org/@openui5/sap.uxap/-/sap.uxap-1.102.0.tgz",
      "integrity": "sha512-iBkgHFRbMh6FdCy9JO0rs9bZq9WEYOBCbbsJyxOekVM45Chqanavkz9/KXOdfOvKNdKFn/D9aPyvHS/IQGIMzw==",
      "requires": {
        "@openui5/sap.f": "1.102.0",
        "@openui5/sap.m": "1.102.0",
        "@openui5/sap.ui.core": "1.102.0",
        "@openui5/sap.ui.layout": "1.102.0"
      }
    },
    "@openui5/themelib_sap_fiori_3": {
      "version": "1.102.0",
      "resolved": "https://registry.npmjs.org/@openui5/themelib_sap_fiori_3/-/themelib_sap_fiori_3-1.102.0.tgz",
      "integrity": "sha512-ED9lp/dkIqYaO8HPgKD0yaJ+Rc3Dfrg76D7D9heEcDidpn6giPFc8hr/MelSCrKOUHBYDQ1MOcMCY0Uzh1utYg=="
    }
  }
}
